
Microsoft Visual Studio Solution File, Format Version 12.00
# Visual Studio Version 16
VisualStudioVersion = 16.0.31515.178
MinimumVisualStudioVersion = 10.0.40219.1
Project("{FAE04EC0-301F-11D3-BF4B-00C04F79EFBC}") = "TastyDots", "TastyDots.csproj", "{C3CF45B8-CFCF-4385-90F4-850B948A892C}"
EndProject
Project("{FAE04EC0-301F-11D3-BF4B-00C04F79EFBC}") = "TastyDots.Models", "..\TastyDots.Models\TastyDots.Models.csproj", "{B8EE5CDC-FBAD-4607-B9F6-C06D7D296D68}"
EndProject
Project("{FAE04EC0-301F-11D3-BF4B-00C04F79EFBC}") = "TastyDots.DataAccess", "..\TastyDots.DataAccess\TastyDots.DataAccess.csproj", "{F4D20AD4-D7EF-495D-A297-7519C7840881}"
EndProject
Global
	GlobalSection(SolutionConfigurationPlatforms) = preSolution
		Debug|Any CPU = Debug|Any CPU
		Release|Any CPU = Release|Any CPU
	EndGlobalSection
	GlobalSection(ProjectConfigurationPlatforms) = postSolution
		{C3CF45B8-CFCF-4385-90F4-850B948A892C}.Debug|Any CPU.ActiveCfg = Debug|Any CPU
		{C3CF45B8-CFCF-4385-90F4-850B948A892C}.Debug|Any CPU.Build.0 = Debug|Any CPU
		{C3CF45B8-CFCF-4385-90F4-850B948A892C}.Release|Any CPU.ActiveCfg = Release|Any CPU
		{C3CF45B8-CFCF-4385-90F4-850B948A892C}.Release|Any CPU.Build.0 = Release|Any CPU
		{B8EE5CDC-FBAD-4607-B9F6-C06D7D296D68}.Debug|Any CPU.ActiveCfg = Debug|Any CPU
		{B8EE5CDC-FBAD-4607-B9F6-C06D7D296D68}.Debug|Any CPU.Build.0 = Debug|Any CPU
		{B8EE5CDC-FBAD-4607-B9F6-C06D7D296D68}.Release|Any CPU.ActiveCfg = Release|Any CPU
		{B8EE5CDC-FBAD-4607-B9F6-C06D7D296D68}.Release|Any CPU.Build.0 = Release|Any CPU
		{F4D20AD4-D7EF-495D-A297-7519C7840881}.Debug|Any CPU.ActiveCfg = Debug|Any CPU
		{F4D20AD4-D7EF-495D-A297-7519C7840881}.Debug|Any CPU.Build.0 = Debug|Any CPU
		{F4D20AD4-D7EF-495D-A297-7519C7840881}.Release|Any CPU.ActiveCfg = Release|Any CPU
		{F4D20AD4-D7EF-495D-A297-7519C7840881}.Release|Any CPU.Build.0 = Release|Any CPU
	EndGlobalSection
	GlobalSection(SolutionProperties) = preSolution
		HideSolutionNode = FALSE
	EndGlobalSection
	GlobalSection(ExtensibilityGlobals) = postSolution
		SolutionGuid = {38DB23DF-D733-4774-9B03-F6AE238EA996}
	EndGlobalSection
EndGlobal
