
Microsoft Visual Studio Solution File, Format Version 12.00
# Visual Studio Version 16
VisualStudioVersion = 16.0.31515.178
MinimumVisualStudioVersion = 10.0.40219.1
Project("{FAE04EC0-301F-11D3-BF4B-00C04F79EFBC}") = "Blog", "Blog.csproj", "{0413A54F-FC38-42A7-8B57-64D4E6ACD98D}"
EndProject
Project("{FAE04EC0-301F-11D3-BF4B-00C04F79EFBC}") = "Blog.DataAccess", "..\Blog.DataAccess\Blog.DataAccess.csproj", "{31714BAF-1A9C-4936-AC1D-E9AFF7B789A3}"
EndProject
Project("{FAE04EC0-301F-11D3-BF4B-00C04F79EFBC}") = "Blog.Models", "..\Blog.Models\Blog.Models.csproj", "{08FA1FD8-4ED5-4120-A5DD-12157955D520}"
EndProject
Global
	GlobalSection(SolutionConfigurationPlatforms) = preSolution
		Debug|Any CPU = Debug|Any CPU
		Release|Any CPU = Release|Any CPU
	EndGlobalSection
	GlobalSection(ProjectConfigurationPlatforms) = postSolution
		{0413A54F-FC38-42A7-8B57-64D4E6ACD98D}.Debug|Any CPU.ActiveCfg = Debug|Any CPU
		{0413A54F-FC38-42A7-8B57-64D4E6ACD98D}.Debug|Any CPU.Build.0 = Debug|Any CPU
		{0413A54F-FC38-42A7-8B57-64D4E6ACD98D}.Release|Any CPU.ActiveCfg = Release|Any CPU
		{0413A54F-FC38-42A7-8B57-64D4E6ACD98D}.Release|Any CPU.Build.0 = Release|Any CPU
		{31714BAF-1A9C-4936-AC1D-E9AFF7B789A3}.Debug|Any CPU.ActiveCfg = Debug|Any CPU
		{31714BAF-1A9C-4936-AC1D-E9AFF7B789A3}.Debug|Any CPU.Build.0 = Debug|Any CPU
		{31714BAF-1A9C-4936-AC1D-E9AFF7B789A3}.Release|Any CPU.ActiveCfg = Release|Any CPU
		{31714BAF-1A9C-4936-AC1D-E9AFF7B789A3}.Release|Any CPU.Build.0 = Release|Any CPU
		{08FA1FD8-4ED5-4120-A5DD-12157955D520}.Debug|Any CPU.ActiveCfg = Debug|Any CPU
		{08FA1FD8-4ED5-4120-A5DD-12157955D520}.Debug|Any CPU.Build.0 = Debug|Any CPU
		{08FA1FD8-4ED5-4120-A5DD-12157955D520}.Release|Any CPU.ActiveCfg = Release|Any CPU
		{08FA1FD8-4ED5-4120-A5DD-12157955D520}.Release|Any CPU.Build.0 = Release|Any CPU
	EndGlobalSection
	GlobalSection(SolutionProperties) = preSolution
		HideSolutionNode = FALSE
	EndGlobalSection
	GlobalSection(ExtensibilityGlobals) = postSolution
		SolutionGuid = {8EC6F4B4-C6C9-4B53-9602-3073A511712E}
	EndGlobalSection
EndGlobal
